
Microsoft Visual Studio Solution File, Format Version 12.00
# Visual Studio Version 16
VisualStudioVersion = 16.0.29424.173
MinimumVisualStudioVersion = 10.0.40219.1
Project("{8BC9CEB8-8B4A-11D0-8D11-00A0C91BC942}") = "laba9", "laba9\laba9.vcxproj", "{4B10BF19-FE93-43E1-90A5-7B26ED0AFCDA}"
EndProject
Global
	GlobalSection(SolutionConfigurationPlatforms) = preSolution
		Debug|x64 = Debug|x64
		Debug|x86 = Debug|x86
		Release|x64 = Release|x64
		Release|x86 = Release|x86
	EndGlobalSection
	GlobalSection(ProjectConfigurationPlatforms) = postSolution
		{4B10BF19-FE93-43E1-90A5-7B26ED0AFCDA}.Debug|x64.ActiveCfg = Debug|x64
		{4B10BF19-FE93-43E1-90A5-7B26ED0AFCDA}.Debug|x64.Build.0 = Debug|x64
		{4B10BF19-FE93-43E1-90A5-7B26ED0AFCDA}.Debug|x86.ActiveCfg = Debug|Win32
		{4B10BF19-FE93-43E1-90A5-7B26ED0AFCDA}.Debug|x86.Build.0 = Debug|Win32
		{4B10BF19-FE93-43E1-90A5-7B26ED0AFCDA}.Release|x64.ActiveCfg = Release|x64
		{4B10BF19-FE93-43E1-90A5-7B26ED0AFCDA}.Release|x64.Build.0 = Release|x64
		{4B10BF19-FE93-43E1-90A5-7B26ED0AFCDA}.Release|x86.ActiveCfg = Release|Win32
		{4B10BF19-FE93-43E1-90A5-7B26ED0AFCDA}.Release|x86.Build.0 = Release|Win32
	EndGlobalSection
	GlobalSection(SolutionProperties) = preSolution
		HideSolutionNode = FALSE
	EndGlobalSection
	GlobalSection(ExtensibilityGlobals) = postSolution
		SolutionGuid = {7C632D23-8B9E-476C-84A0-F718C7606A04}
	EndGlobalSection
EndGlobal
